{
  "name": "proyecto_js_dxh",
  "lockfileVersion": 3,
  "requires": true,
  "packages": {
    "": {
      "dependencies": {
        "dhx-suite": "^9.0.3"
      }
    },
    "node_modules/dhx-suite": {
      "version": "9.0.3",
      "resolved": "https://registry.npmjs.org/dhx-suite/-/dhx-suite-9.0.3.tgz",
      "integrity": "sha512-bBMDRmDasc+Y7Di2j9r2jaD0aCpFbSrXuu2ymL4aaTuAkRkBy1/Xf1TlHc+qUKf8UGDFGrW3/uVoBg7WMVTVng==",
      "license": "GPL"
    }
  }
}
